
Microsoft Visual Studio Solution File, Format Version 12.00
# Visual Studio 15
VisualStudioVersion = 15.0.27428.2011
MinimumVisualStudioVersion = 10.0.40219.1
Project("{FAE04EC0-301F-11D3-BF4B-00C04F79EFBC}") = "UFT_Extent_Reports", "ExtentReports_UFT\UFT_Extent_Reports.csproj", "{C28F3BB6-3B64-48FD-8470-FA17236B8DDC}"
EndProject
Project("{FAE04EC0-301F-11D3-BF4B-00C04F79EFBC}") = "Test", "Test\Test.csproj", "{18CF716A-D24D-4284-912B-6E5947FBE6C4}"
EndProject
Global
	GlobalSection(SolutionConfigurationPlatforms) = preSolution
		Debug|Any CPU = Debug|Any CPU
		Release|Any CPU = Release|Any CPU
	EndGlobalSection
	GlobalSection(ProjectConfigurationPlatforms) = postSolution
		{C28F3BB6-3B64-48FD-8470-FA17236B8DDC}.Debug|Any CPU.ActiveCfg = Debug|Any CPU
		{C28F3BB6-3B64-48FD-8470-FA17236B8DDC}.Debug|Any CPU.Build.0 = Debug|Any CPU
		{C28F3BB6-3B64-48FD-8470-FA17236B8DDC}.Release|Any CPU.ActiveCfg = Release|Any CPU
		{C28F3BB6-3B64-48FD-8470-FA17236B8DDC}.Release|Any CPU.Build.0 = Release|Any CPU
		{18CF716A-D24D-4284-912B-6E5947FBE6C4}.Debug|Any CPU.ActiveCfg = Debug|Any CPU
		{18CF716A-D24D-4284-912B-6E5947FBE6C4}.Debug|Any CPU.Build.0 = Debug|Any CPU
		{18CF716A-D24D-4284-912B-6E5947FBE6C4}.Release|Any CPU.ActiveCfg = Release|Any CPU
		{18CF716A-D24D-4284-912B-6E5947FBE6C4}.Release|Any CPU.Build.0 = Release|Any CPU
	EndGlobalSection
	GlobalSection(SolutionProperties) = preSolution
		HideSolutionNode = FALSE
	EndGlobalSection
	GlobalSection(ExtensibilityGlobals) = postSolution
		SolutionGuid = {2EF3322D-F10A-451F-AC1F-29607EAB849F}
	EndGlobalSection
EndGlobal
